// !$*UTF8*$!
{
	archiveVersion = 1;
	classes = {
	};
	objectVersion = 46;
	objects = {

/* Begin PBXBuildFile section */
		BFC858411539A3D0005D0372 /* Cocoa.framework in Frameworks */ = {isa = PBXBuildFile; fileRef = BFC858401539A3D0005D0372 /* Cocoa.framework */; };
		BFC8584B1539A3D0005D0372 /* InfoPlist.strings in Resources */ = {isa = PBXBuildFile; fileRef = BFC858491539A3D0005D0372 /* InfoPlist.strings */; };
		BFC8584D1539A3D0005D0372 /* main.m in Sources */ = {isa = PBXBuildFile; fileRef = BFC8584C1539A3D0005D0372 /* main.m */; };
		BFC858511539A3D0005D0372 /* Credits.rtf in Resources */ = {isa = PBXBuildFile; fileRef = BFC8584F1539A3D0005D0372 /* Credits.rtf */; };
		BFC858541539A3D0005D0372 /* AppDelegate.m in Sources */ = {isa = PBXBuildFile; fileRef = BFC858531539A3D0005D0372 /* AppDelegate.m */; };
		BFC858571539A3D0005D0372 /* MainMenu.xib in Resources */ = {isa = PBXBuildFile; fileRef = BFC858551539A3D0005D0372 /* MainMenu.xib */; };
		BFC8585F1539BD9B005D0372 /* AppController.m in Sources */ = {isa = PBXBuildFile; fileRef = BFC8585E1539BD9B005D0372 /* AppController.m */; };
		BFC858621539BF52005D0372 /* scripts in Resources */ = {isa = PBXBuildFile; fileRef = BFC858601539BF52005D0372 /* scripts */; };
		BFC858631539BF52005D0372 /* templates in Resources */ = {isa = PBXBuildFile; fileRef = BFC858611539BF52005D0372 /* templates */; };
		BFC858671539C6C9005D0372 /* InstallViewController.m in Sources */ = {isa = PBXBuildFile; fileRef = BFC858651539C6C9005D0372 /* InstallViewController.m */; };
		BFC858681539C6C9005D0372 /* InstallViewController.xib in Resources */ = {isa = PBXBuildFile; fileRef = BFC858661539C6C9005D0372 /* InstallViewController.xib */; };
		BFC858711539DD43005D0372 /* RubyInstalledViewController.m in Sources */ = {isa = PBXBuildFile; fileRef = BFC8586F1539DD43005D0372 /* RubyInstalledViewController.m */; };
		BFC858721539DD43005D0372 /* RubyInstalledViewController.xib in Resources */ = {isa = PBXBuildFile; fileRef = BFC858701539DD43005D0372 /* RubyInstalledViewController.xib */; };
/* End PBXBuildFile section */

/* Begin PBXFileReference section */
		BFC8583C1539A3D0005D0372 /* RailsOneClick.app */ = {isa = PBXFileReference; explicitFileType = wrapper.application; includeInIndex = 0; path = RailsOneClick.app; sourceTree = BUILT_PRODUCTS_DIR; };
		BFC858401539A3D0005D0372 /* Cocoa.framework */ = {isa = PBXFileReference; lastKnownFileType = wrapper.framework; name = Cocoa.framework; path = System/Library/Frameworks/Cocoa.framework; sourceTree = SDKROOT; };
		BFC858431539A3D0005D0372 /* AppKit.framework */ = {isa = PBXFileReference; lastKnownFileType = wrapper.framework; name = AppKit.framework; path = System/Library/Frameworks/AppKit.framework; sourceTree = SDKROOT; };
		BFC858441539A3D0005D0372 /* CoreData.framework */ = {isa = PBXFileReference; lastKnownFileType = wrapper.framework; name = CoreData.framework; path = System/Library/Frameworks/CoreData.framework; sourceTree = SDKROOT; };
		BFC858451539A3D0005D0372 /* Foundation.framework */ = {isa = PBXFileReference; lastKnownFileType = wrapper.framework; name = Foundation.framework; path = System/Library/Frameworks/Foundation.framework; sourceTree = SDKROOT; };
		BFC858481539A3D0005D0372 /* RailsOneClick-Info.plist */ = {isa = PBXFileReference; lastKnownFileType = text.plist.xml; path = "RailsOneClick-Info.plist"; sourceTree = "<group>"; };
		BFC8584A1539A3D0005D0372 /* en */ = {isa = PBXFileReference; lastKnownFileType = text.plist.strings; name = en; path = en.lproj/InfoPlist.strings; sourceTree = "<group>"; };
		BFC8584C1539A3D0005D0372 /* main.m */ = {isa = PBXFileReference; lastKnownFileType = sourcecode.c.objc; path = main.m; sourceTree = "<group>"; };
		BFC8584E1539A3D0005D0372 /* RailsOneClick-Prefix.pch */ = {isa = PBXFileReference; lastKnownFileType = sourcecode.c.h; path = "RailsOneClick-Prefix.pch"; sourceTree = "<group>"; };
		BFC858501539A3D0005D0372 /* en */ = {isa = PBXFileReference; lastKnownFileType = text.rtf; name = en; path = en.lproj/Credits.rtf; sourceTree = "<group>"; };
		BFC858521539A3D0005D0372 /* AppDelegate.h */ = {isa = PBXFileReference; lastKnownFileType = sourcecode.c.h; path = AppDelegate.h; sourceTree = "<group>"; };
		BFC858531539A3D0005D0372 /* AppDelegate.m */ = {isa = PBXFileReference; lastKnownFileType = sourcecode.c.objc; path = AppDelegate.m; sourceTree = "<group>"; };
		BFC858561539A3D0005D0372 /* en */ = {isa = PBXFileReference; lastKnownFileType = file.xib; name = en; path = en.lproj/MainMenu.xib; sourceTree = "<group>"; };
		BFC8585D1539BD9B005D0372 /* AppController.h */ = {isa = PBXFileReference; fileEncoding = 4; lastKnownFileType = sourcecode.c.h; path = AppController.h; sourceTree = "<group>"; };
		BFC8585E1539BD9B005D0372 /* AppController.m */ = {isa = PBXFileReference; fileEncoding = 4; lastKnownFileType = sourcecode.c.objc; path = AppController.m; sourceTree = "<group>"; };
		BFC858601539BF52005D0372 /* scripts */ = {isa = PBXFileReference; lastKnownFileType = folder; path = scripts; sourceTree = "<group>"; };
		BFC858611539BF52005D0372 /* templates */ = {isa = PBXFileReference; lastKnownFileType = folder; path = templates; sourceTree = "<group>"; };
		BFC858641539C6C8005D0372 /* InstallViewController.h */ = {isa = PBXFileReference; fileEncoding = 4; lastKnownFileType = sourcecode.c.h; path = InstallViewController.h; sourceTree = "<group>"; };
		BFC858651539C6C9005D0372 /* InstallViewController.m */ = {isa = PBXFileReference; fileEncoding = 4; lastKnownFileType = sourcecode.c.objc; path = InstallViewController.m; sourceTree = "<group>"; };
		BFC858661539C6C9005D0372 /* InstallViewController.xib */ = {isa = PBXFileReference; fileEncoding = 4; lastKnownFileType = file.xib; path = InstallViewController.xib; sourceTree = "<group>"; };
		BFC8586E1539DD43005D0372 /* RubyInstalledViewController.h */ = {isa = PBXFileReference; fileEncoding = 4; lastKnownFileType = sourcecode.c.h; path = RubyInstalledViewController.h; sourceTree = "<group>"; };
		BFC8586F1539DD43005D0372 /* RubyInstalledViewController.m */ = {isa = PBXFileReference; fileEncoding = 4; lastKnownFileType = sourcecode.c.objc; path = RubyInstalledViewController.m; sourceTree = "<group>"; };
		BFC858701539DD43005D0372 /* RubyInstalledViewController.xib */ = {isa = PBXFileReference; fileEncoding = 4; lastKnownFileType = file.xib; path = RubyInstalledViewController.xib; sourceTree = "<group>"; };
/* End PBXFileReference section */

/* Begin PBXFrameworksBuildPhase section */
		BFC858391539A3D0005D0372 /* Frameworks */ = {
			isa = PBXFrameworksBuildPhase;
			buildActionMask = 2147483647;
			files = (
				BFC858411539A3D0005D0372 /* Cocoa.framework in Frameworks */,
			);
			runOnlyForDeploymentPostprocessing = 0;
		};
/* End PBXFrameworksBuildPhase section */

/* Begin PBXGroup section */
		BFC858311539A3D0005D0372 = {
			isa = PBXGroup;
			children = (
				BFC858461539A3D0005D0372 /* RailsOneClick */,
				BFC8583F1539A3D0005D0372 /* Frameworks */,
				BFC8583D1539A3D0005D0372 /* Products */,
				BFC858601539BF52005D0372 /* scripts */,
				BFC858611539BF52005D0372 /* templates */,
			);
			sourceTree = "<group>";
		};
		BFC8583D1539A3D0005D0372 /* Products */ = {
			isa = PBXGroup;
			children = (
				BFC8583C1539A3D0005D0372 /* RailsOneClick.app */,
			);
			name = Products;
			sourceTree = "<group>";
		};
		BFC8583F1539A3D0005D0372 /* Frameworks */ = {
			isa = PBXGroup;
			children = (
				BFC858401539A3D0005D0372 /* Cocoa.framework */,
				BFC858421539A3D0005D0372 /* Other Frameworks */,
			);
			name = Frameworks;
			sourceTree = "<group>";
		};
		BFC858421539A3D0005D0372 /* Other Frameworks */ = {
			isa = PBXGroup;
			children = (
				BFC858431539A3D0005D0372 /* AppKit.framework */,
				BFC858441539A3D0005D0372 /* CoreData.framework */,
				BFC858451539A3D0005D0372 /* Foundation.framework */,
			);
			name = "Other Frameworks";
			sourceTree = "<group>";
		};
		BFC858461539A3D0005D0372 /* RailsOneClick */ = {
			isa = PBXGroup;
			children = (
				BFC858691539D0BA005D0372 /* Vendor */,
				BFC858521539A3D0005D0372 /* AppDelegate.h */,
				BFC858531539A3D0005D0372 /* AppDelegate.m */,
				BFC858551539A3D0005D0372 /* MainMenu.xib */,
				BFC858471539A3D0005D0372 /* Supporting Files */,
				BFC8585D1539BD9B005D0372 /* AppController.h */,
				BFC8585E1539BD9B005D0372 /* AppController.m */,
				BFC858641539C6C8005D0372 /* InstallViewController.h */,
				BFC858651539C6C9005D0372 /* InstallViewController.m */,
				BFC858661539C6C9005D0372 /* InstallViewController.xib */,
				BFC8586E1539DD43005D0372 /* RubyInstalledViewController.h */,
				BFC8586F1539DD43005D0372 /* RubyInstalledViewController.m */,
				BFC858701539DD43005D0372 /* RubyInstalledViewController.xib */,
			);
			path = RailsOneClick;
			sourceTree = "<group>";
		};
		BFC858471539A3D0005D0372 /* Supporting Files */ = {
			isa = PBXGroup;
			children = (
				BFC858481539A3D0005D0372 /* RailsOneClick-Info.plist */,
				BFC858491539A3D0005D0372 /* InfoPlist.strings */,
				BFC8584C1539A3D0005D0372 /* main.m */,
				BFC8584E1539A3D0005D0372 /* RailsOneClick-Prefix.pch */,
				BFC8584F1539A3D0005D0372 /* Credits.rtf */,
			);
			name = "Supporting Files";
			sourceTree = "<group>";
		};
		BFC858691539D0BA005D0372 /* Vendor */ = {
			isa = PBXGroup;
			children = (
			);
			name = Vendor;
			sourceTree = "<group>";
		};
/* End PBXGroup section */

/* Begin PBXNativeTarget section */
		BFC8583B1539A3D0005D0372 /* RailsOneClick */ = {
			isa = PBXNativeTarget;
			buildConfigurationList = BFC8585A1539A3D0005D0372 /* Build configuration list for PBXNativeTarget "RailsOneClick" */;
			buildPhases = (
				BFC858381539A3D0005D0372 /* Sources */,
				BFC858391539A3D0005D0372 /* Frameworks */,
				BFC8583A1539A3D0005D0372 /* Resources */,
			);
			buildRules = (
			);
			dependencies = (
			);
			name = RailsOneClick;
			productName = RailsOneClick;
			productReference = BFC8583C1539A3D0005D0372 /* RailsOneClick.app */;
			productType = "com.apple.product-type.application";
		};
/* End PBXNativeTarget section */

/* Begin PBXProject section */
		BFC858331539A3D0005D0372 /* Project object */ = {
			isa = PBXProject;
			attributes = {
				LastUpgradeCheck = 0430;
				ORGANIZATIONNAME = Fructivity;
			};
			buildConfigurationList = BFC858361539A3D0005D0372 /* Build configuration list for PBXProject "RailsOneClick" */;
			compatibilityVersion = "Xcode 3.2";
			developmentRegion = English;
			hasScannedForEncodings = 0;
			knownRegions = (
				en,
			);
			mainGroup = BFC858311539A3D0005D0372;
			productRefGroup = BFC8583D1539A3D0005D0372 /* Products */;
			projectDirPath = "";
			projectRoot = "";
			targets = (
				BFC8583B1539A3D0005D0372 /* RailsOneClick */,
			);
		};
/* End PBXProject section */

/* Begin PBXResourcesBuildPhase section */
		BFC8583A1539A3D0005D0372 /* Resources */ = {
			isa = PBXResourcesBuildPhase;
			buildActionMask = 2147483647;
			files = (
				BFC8584B1539A3D0005D0372 /* InfoPlist.strings in Resources */,
				BFC858511539A3D0005D0372 /* Credits.rtf in Resources */,
				BFC858571539A3D0005D0372 /* MainMenu.xib in Resources */,
				BFC858621539BF52005D0372 /* scripts in Resources */,
				BFC858631539BF52005D0372 /* templates in Resources */,
				BFC858681539C6C9005D0372 /* InstallViewController.xib in Resources */,
				BFC858721539DD43005D0372 /* RubyInstalledViewController.xib in Resources */,
			);
			runOnlyForDeploymentPostprocessing = 0;
		};
/* End PBXResourcesBuildPhase section */

/* Begin PBXSourcesBuildPhase section */
		BFC858381539A3D0005D0372 /* Sources */ = {
			isa = PBXSourcesBuildPhase;
			buildActionMask = 2147483647;
			files = (
				BFC8584D1539A3D0005D0372 /* main.m in Sources */,
				BFC858541539A3D0005D0372 /* AppDelegate.m in Sources */,
				BFC8585F1539BD9B005D0372 /* AppController.m in Sources */,
				BFC858671539C6C9005D0372 /* InstallViewController.m in Sources */,
				BFC858711539DD43005D0372 /* RubyInstalledViewController.m in Sources */,
			);
			runOnlyForDeploymentPostprocessing = 0;
		};
/* End PBXSourcesBuildPhase section */

/* Begin PBXVariantGroup section */
		BFC858491539A3D0005D0372 /* InfoPlist.strings */ = {
			isa = PBXVariantGroup;
			children = (
				BFC8584A1539A3D0005D0372 /* en */,
			);
			name = InfoPlist.strings;
			sourceTree = "<group>";
		};
		BFC8584F1539A3D0005D0372 /* Credits.rtf */ = {
			isa = PBXVariantGroup;
			children = (
				BFC858501539A3D0005D0372 /* en */,
			);
			name = Credits.rtf;
			sourceTree = "<group>";
		};
		BFC858551539A3D0005D0372 /* MainMenu.xib */ = {
			isa = PBXVariantGroup;
			children = (
				BFC858561539A3D0005D0372 /* en */,
			);
			name = MainMenu.xib;
			sourceTree = "<group>";
		};
/* End PBXVariantGroup section */

/* Begin XCBuildConfiguration section */
		BFC858581539A3D0005D0372 /* Debug */ = {
			isa = XCBuildConfiguration;
			buildSettings = {
				ALWAYS_SEARCH_USER_PATHS = NO;
				ARCHS = "$(ARCHS_STANDARD_64_BIT)";
				CLANG_ENABLE_OBJC_ARC = YES;
				COPY_PHASE_STRIP = NO;
				GCC_C_LANGUAGE_STANDARD = gnu99;
				GCC_DYNAMIC_NO_PIC = NO;
				GCC_ENABLE_OBJC_EXCEPTIONS = YES;
				GCC_OPTIMIZATION_LEVEL = 0;
				GCC_PREPROCESSOR_DEFINITIONS = (
					"DEBUG=1",
					"$(inherited)",
				);
				GCC_SYMBOLS_PRIVATE_EXTERN = NO;
				GCC_VERSION = com.apple.compilers.llvm.clang.1_0;
				GCC_WARN_64_TO_32_BIT_CONVERSION = YES;
				GCC_WARN_ABOUT_RETURN_TYPE = YES;
				GCC_WARN_UNINITIALIZED_AUTOS = YES;
				GCC_WARN_UNUSED_VARIABLE = YES;
				MACOSX_DEPLOYMENT_TARGET = 10.7;
				ONLY_ACTIVE_ARCH = YES;
				SDKROOT = macosx;
			};
			name = Debug;
		};
		BFC858591539A3D0005D0372 /* Release */ = {
			isa = XCBuildConfiguration;
			buildSettings = {
				ALWAYS_SEARCH_USER_PATHS = NO;
				ARCHS = "$(ARCHS_STANDARD_64_BIT)";
				CLANG_ENABLE_OBJC_ARC = YES;
				COPY_PHASE_STRIP = YES;
				DEBUG_INFORMATION_FORMAT = "dwarf-with-dsym";
				GCC_C_LANGUAGE_STANDARD = gnu99;
				GCC_ENABLE_OBJC_EXCEPTIONS = YES;
				GCC_VERSION = com.apple.compilers.llvm.clang.1_0;
				GCC_WARN_64_TO_32_BIT_CONVERSION = YES;
				GCC_WARN_ABOUT_RETURN_TYPE = YES;
				GCC_WARN_UNINITIALIZED_AUTOS = YES;
				GCC_WARN_UNUSED_VARIABLE = YES;
				MACOSX_DEPLOYMENT_TARGET = 10.7;
				SDKROOT = macosx;
			};
			name = Release;
		};
		BFC8585B1539A3D0005D0372 /* Debug */ = {
			isa = XCBuildConfiguration;
			buildSettings = {
				GCC_PRECOMPILE_PREFIX_HEADER = YES;
				GCC_PREFIX_HEADER = "RailsOneClick/RailsOneClick-Prefix.pch";
				INFOPLIST_FILE = "RailsOneClick/RailsOneClick-Info.plist";
				MACOSX_DEPLOYMENT_TARGET = 10.6;
				PRODUCT_NAME = "$(TARGET_NAME)";
				WRAPPER_EXTENSION = app;
			};
			name = Debug;
		};
		BFC8585C1539A3D0005D0372 /* Release */ = {
			isa = XCBuildConfiguration;
			buildSettings = {
				GCC_PRECOMPILE_PREFIX_HEADER = YES;
				GCC_PREFIX_HEADER = "RailsOneClick/RailsOneClick-Prefix.pch";
				INFOPLIST_FILE = "RailsOneClick/RailsOneClick-Info.plist";
				MACOSX_DEPLOYMENT_TARGET = 10.6;
				PRODUCT_NAME = "$(TARGET_NAME)";
				WRAPPER_EXTENSION = app;
			};
			name = Release;
		};
/* End XCBuildConfiguration section */

/* Begin XCConfigurationList section */
		BFC858361539A3D0005D0372 /* Build configuration list for PBXProject "RailsOneClick" */ = {
			isa = XCConfigurationList;
			buildConfigurations = (
				BFC858581539A3D0005D0372 /* Debug */,
				BFC858591539A3D0005D0372 /* Release */,
			);
			defaultConfigurationIsVisible = 0;
			defaultConfigurationName = Release;
		};
		BFC8585A1539A3D0005D0372 /* Build configuration list for PBXNativeTarget "RailsOneClick" */ = {
			isa = XCConfigurationList;
			buildConfigurations = (
				BFC8585B1539A3D0005D0372 /* Debug */,
				BFC8585C1539A3D0005D0372 /* Release */,
			);
			defaultConfigurationIsVisible = 0;
		};
/* End XCConfigurationList section */
	};
	rootObject = BFC858331539A3D0005D0372 /* Project object */;
}
